
Microsoft Visual Studio Solution File, Format Version 12.00
# Visual Studio 15
VisualStudioVersion = 15.0.28307.271
MinimumVisualStudioVersion = 10.0.40219.1
Project("{FAE04EC0-301F-11D3-BF4B-00C04F79EFBC}") = "OpenKuka.KRL", "OpenKuka.KRL\OpenKuka.KRL.csproj", "{1BA8596A-BD90-4C05-9875-97E064C2C73B}"
EndProject
Project("{FAE04EC0-301F-11D3-BF4B-00C04F79EFBC}") = "OpenKuka.KRL.Test", "..\tests\OpenKuka.KRL.Test\OpenKuka.KRL.Test.csproj", "{D99C0455-6026-4BC4-B1D4-AB4C1C1EC781}"
EndProject
Project("{FAE04EC0-301F-11D3-BF4B-00C04F79EFBC}") = "OpenKuka.KRL.Data", "OpenKuka.KRL.Data\OpenKuka.KRL.Data.csproj", "{2DFC0F2B-BD84-458C-B131-4ABB24B0D33E}"
EndProject
Global
	GlobalSection(SolutionConfigurationPlatforms) = preSolution
		Debug|Any CPU = Debug|Any CPU
		Release|Any CPU = Release|Any CPU
	EndGlobalSection
	GlobalSection(ProjectConfigurationPlatforms) = postSolution
		{1BA8596A-BD90-4C05-9875-97E064C2C73B}.Debug|Any CPU.ActiveCfg = Debug|Any CPU
		{1BA8596A-BD90-4C05-9875-97E064C2C73B}.Debug|Any CPU.Build.0 = Debug|Any CPU
		{1BA8596A-BD90-4C05-9875-97E064C2C73B}.Release|Any CPU.ActiveCfg = Release|Any CPU
		{1BA8596A-BD90-4C05-9875-97E064C2C73B}.Release|Any CPU.Build.0 = Release|Any CPU
		{D99C0455-6026-4BC4-B1D4-AB4C1C1EC781}.Debug|Any CPU.ActiveCfg = Debug|Any CPU
		{D99C0455-6026-4BC4-B1D4-AB4C1C1EC781}.Debug|Any CPU.Build.0 = Debug|Any CPU
		{D99C0455-6026-4BC4-B1D4-AB4C1C1EC781}.Release|Any CPU.ActiveCfg = Release|Any CPU
		{D99C0455-6026-4BC4-B1D4-AB4C1C1EC781}.Release|Any CPU.Build.0 = Release|Any CPU
		{2DFC0F2B-BD84-458C-B131-4ABB24B0D33E}.Debug|Any CPU.ActiveCfg = Debug|Any CPU
		{2DFC0F2B-BD84-458C-B131-4ABB24B0D33E}.Debug|Any CPU.Build.0 = Debug|Any CPU
		{2DFC0F2B-BD84-458C-B131-4ABB24B0D33E}.Release|Any CPU.ActiveCfg = Release|Any CPU
		{2DFC0F2B-BD84-458C-B131-4ABB24B0D33E}.Release|Any CPU.Build.0 = Release|Any CPU
	EndGlobalSection
	GlobalSection(SolutionProperties) = preSolution
		HideSolutionNode = FALSE
	EndGlobalSection
	GlobalSection(ExtensibilityGlobals) = postSolution
		SolutionGuid = {C7F9DE69-57CE-4873-828E-3A962C2583A0}
	EndGlobalSection
EndGlobal
